
Microsoft Visual Studio Solution File, Format Version 12.00
Project("{2150E333-8FDC-42A3-9474-1A3956D46DE8}") = "app", "app", "{648C7DE9-C32C-469D-9B30-62985CF8A7AD}"
EndProject
Project("{2150E333-8FDC-42A3-9474-1A3956D46DE8}") = "src", "src", "{D6A6349D-3155-44DB-9A2D-FD26A580BBCA}"
EndProject
Project("{FAE04EC0-301F-11D3-BF4B-00C04F79EFBC}") = "NetHub.Api", "NetHub.Api\NetHub.Api.csproj", "{1C80F12B-696C-4E0D-95DD-0C7D3E4CB2C9}"
EndProject
Project("{FAE04EC0-301F-11D3-BF4B-00C04F79EFBC}") = "NetHub.Core", "NetHub.Core\NetHub.Core.csproj", "{325747A5-7DA2-4702-9477-219AC12E37B4}"
EndProject
Project("{FAE04EC0-301F-11D3-BF4B-00C04F79EFBC}") = "NetHub.Application", "NetHub.Application\NetHub.Application.csproj", "{D869AAAD-11F5-4C95-8B3A-7767D366CC0A}"
EndProject
Project("{FAE04EC0-301F-11D3-BF4B-00C04F79EFBC}") = "NetHub.Infrastructure", "NetHub.Infrastructure\NetHub.Infrastructure.csproj", "{C794452C-1AC4-4E25-8E1B-7F530B8447B6}"
EndProject
Project("{FAE04EC0-301F-11D3-BF4B-00C04F79EFBC}") = "NetHub.Data.SqlServer", "NetHub.Data.SqlServer\NetHub.Data.SqlServer.csproj", "{927A610F-4848-4466-92BA-56A6F7367E0E}"
EndProject
Project("{FAE04EC0-301F-11D3-BF4B-00C04F79EFBC}") = "NetHub.Tests", "NetHub.Tests\NetHub.Tests.csproj", "{FF0A8289-923B-4941-AB2B-BA816E339910}"
EndProject
Global
	GlobalSection(SolutionConfigurationPlatforms) = preSolution
		Debug|Any CPU = Debug|Any CPU
		Release|Any CPU = Release|Any CPU
	EndGlobalSection
	GlobalSection(NestedProjects) = preSolution
		{1C80F12B-696C-4E0D-95DD-0C7D3E4CB2C9} = {648C7DE9-C32C-469D-9B30-62985CF8A7AD}
		{325747A5-7DA2-4702-9477-219AC12E37B4} = {D6A6349D-3155-44DB-9A2D-FD26A580BBCA}
		{D869AAAD-11F5-4C95-8B3A-7767D366CC0A} = {D6A6349D-3155-44DB-9A2D-FD26A580BBCA}
		{C794452C-1AC4-4E25-8E1B-7F530B8447B6} = {D6A6349D-3155-44DB-9A2D-FD26A580BBCA}
		{927A610F-4848-4466-92BA-56A6F7367E0E} = {D6A6349D-3155-44DB-9A2D-FD26A580BBCA}
		{28A85F2B-B179-4E84-871A-F23919750259} = {D6A6349D-3155-44DB-9A2D-FD26A580BBCA}
		{FF0A8289-923B-4941-AB2B-BA816E339910} = {D6A6349D-3155-44DB-9A2D-FD26A580BBCA}
	EndGlobalSection
	GlobalSection(ProjectConfigurationPlatforms) = postSolution
		{1C80F12B-696C-4E0D-95DD-0C7D3E4CB2C9}.Debug|Any CPU.ActiveCfg = Debug|Any CPU
		{1C80F12B-696C-4E0D-95DD-0C7D3E4CB2C9}.Debug|Any CPU.Build.0 = Debug|Any CPU
		{1C80F12B-696C-4E0D-95DD-0C7D3E4CB2C9}.Release|Any CPU.ActiveCfg = Release|Any CPU
		{1C80F12B-696C-4E0D-95DD-0C7D3E4CB2C9}.Release|Any CPU.Build.0 = Release|Any CPU
		{325747A5-7DA2-4702-9477-219AC12E37B4}.Debug|Any CPU.ActiveCfg = Debug|Any CPU
		{325747A5-7DA2-4702-9477-219AC12E37B4}.Debug|Any CPU.Build.0 = Debug|Any CPU
		{325747A5-7DA2-4702-9477-219AC12E37B4}.Release|Any CPU.ActiveCfg = Release|Any CPU
		{325747A5-7DA2-4702-9477-219AC12E37B4}.Release|Any CPU.Build.0 = Release|Any CPU
		{D869AAAD-11F5-4C95-8B3A-7767D366CC0A}.Debug|Any CPU.ActiveCfg = Debug|Any CPU
		{D869AAAD-11F5-4C95-8B3A-7767D366CC0A}.Debug|Any CPU.Build.0 = Debug|Any CPU
		{D869AAAD-11F5-4C95-8B3A-7767D366CC0A}.Release|Any CPU.ActiveCfg = Release|Any CPU
		{D869AAAD-11F5-4C95-8B3A-7767D366CC0A}.Release|Any CPU.Build.0 = Release|Any CPU
		{C794452C-1AC4-4E25-8E1B-7F530B8447B6}.Debug|Any CPU.ActiveCfg = Debug|Any CPU
		{C794452C-1AC4-4E25-8E1B-7F530B8447B6}.Debug|Any CPU.Build.0 = Debug|Any CPU
		{C794452C-1AC4-4E25-8E1B-7F530B8447B6}.Release|Any CPU.ActiveCfg = Release|Any CPU
		{C794452C-1AC4-4E25-8E1B-7F530B8447B6}.Release|Any CPU.Build.0 = Release|Any CPU
		{927A610F-4848-4466-92BA-56A6F7367E0E}.Debug|Any CPU.ActiveCfg = Debug|Any CPU
		{927A610F-4848-4466-92BA-56A6F7367E0E}.Debug|Any CPU.Build.0 = Debug|Any CPU
		{927A610F-4848-4466-92BA-56A6F7367E0E}.Release|Any CPU.ActiveCfg = Release|Any CPU
		{927A610F-4848-4466-92BA-56A6F7367E0E}.Release|Any CPU.Build.0 = Release|Any CPU
		{28A85F2B-B179-4E84-871A-F23919750259}.Debug|Any CPU.ActiveCfg = Debug|Any CPU
		{28A85F2B-B179-4E84-871A-F23919750259}.Debug|Any CPU.Build.0 = Debug|Any CPU
		{28A85F2B-B179-4E84-871A-F23919750259}.Release|Any CPU.ActiveCfg = Release|Any CPU
		{28A85F2B-B179-4E84-871A-F23919750259}.Release|Any CPU.Build.0 = Release|Any CPU
		{FF0A8289-923B-4941-AB2B-BA816E339910}.Debug|Any CPU.ActiveCfg = Debug|Any CPU
		{FF0A8289-923B-4941-AB2B-BA816E339910}.Debug|Any CPU.Build.0 = Debug|Any CPU
		{FF0A8289-923B-4941-AB2B-BA816E339910}.Release|Any CPU.ActiveCfg = Release|Any CPU
		{FF0A8289-923B-4941-AB2B-BA816E339910}.Release|Any CPU.Build.0 = Release|Any CPU
	EndGlobalSection
EndGlobal
