
Microsoft Visual Studio Solution File, Format Version 12.00
Project("{2150E333-8FDC-42A3-9474-1A3956D46DE8}") = "api", "api", "{D6A6349D-3155-44DB-9A2D-FD26A580BBCA}"
EndProject
Project("{FAE04EC0-301F-11D3-BF4B-00C04F79EFBC}") = "NetHub.Api", "NetHub.Api\NetHub.Api.csproj", "{1C80F12B-696C-4E0D-95DD-0C7D3E4CB2C9}"
EndProject
Project("{FAE04EC0-301F-11D3-BF4B-00C04F79EFBC}") = "NetHub.Core", "NetHub.Core\NetHub.Core.csproj", "{325747A5-7DA2-4702-9477-219AC12E37B4}"
EndProject
Project("{FAE04EC0-301F-11D3-BF4B-00C04F79EFBC}") = "NetHub.Application", "NetHub.Application\NetHub.Application.csproj", "{D869AAAD-11F5-4C95-8B3A-7767D366CC0A}"
EndProject
Project("{FAE04EC0-301F-11D3-BF4B-00C04F79EFBC}") = "NetHub.Infrastructure", "NetHub.Infrastructure\NetHub.Infrastructure.csproj", "{C794452C-1AC4-4E25-8E1B-7F530B8447B6}"
EndProject
Project("{FAE04EC0-301F-11D3-BF4B-00C04F79EFBC}") = "NetHub.Data.SqlServer", "NetHub.Data.SqlServer\NetHub.Data.SqlServer.csproj", "{927A610F-4848-4466-92BA-56A6F7367E0E}"
EndProject
Project("{FAE04EC0-301F-11D3-BF4B-00C04F79EFBC}") = "NetHub.Admin", "NetHub.Admin\NetHub.Admin.csproj", "{59872DEE-1E31-4646-A65C-53D48B642B1F}"
EndProject
Project("{FAE04EC0-301F-11D3-BF4B-00C04F79EFBC}") = "NetHub.Api.Shared", "NetHub.Api.Shared\NetHub.Api.Shared.csproj", "{D3216987-D157-4205-AF1C-FAE3EDB3C571}"
EndProject
Project("{FAE04EC0-301F-11D3-BF4B-00C04F79EFBC}") = "NetHub.Admin.Infrastructure", "NetHub.Admin.Infrastructure\NetHub.Admin.Infrastructure.csproj", "{9ECA1281-DA63-4643-A192-DE7AAD192B3F}"
EndProject
Project("{2150E333-8FDC-42A3-9474-1A3956D46DE8}") = "admin", "admin", "{B7671843-A620-4CFE-9B73-025406572523}"
EndProject
Project("{2150E333-8FDC-42A3-9474-1A3956D46DE8}") = "shared", "shared", "{2CE22278-093D-4DA3-BA91-82D3846938D6}"
EndProject
Project("{2150E333-8FDC-42A3-9474-1A3956D46DE8}") = "tests", "tests", "{AAF91661-610D-4DEB-B1E8-33D8F7E60D93}"
EndProject
Project("{FAE04EC0-301F-11D3-BF4B-00C04F79EFBC}") = "NetHub.Tests", "tests\NetHub.Tests\NetHub.Tests.csproj", "{FF0A8289-923B-4941-AB2B-BA816E339910}"
EndProject
Project("{FAE04EC0-301F-11D3-BF4B-00C04F79EFBC}") = "NetHub.Tests.ConsoleApp", "tests\NetHub.Tests.ConsoleApp\NetHub.Tests.ConsoleApp.csproj", "{A31ED86A-D9E8-4BD3-857A-703060B14F12}"
EndProject
Global
	GlobalSection(SolutionConfigurationPlatforms) = preSolution
		Debug|Any CPU = Debug|Any CPU
		Release|Any CPU = Release|Any CPU
	EndGlobalSection
	GlobalSection(NestedProjects) = preSolution
		{D869AAAD-11F5-4C95-8B3A-7767D366CC0A} = {D6A6349D-3155-44DB-9A2D-FD26A580BBCA}
		{C794452C-1AC4-4E25-8E1B-7F530B8447B6} = {D6A6349D-3155-44DB-9A2D-FD26A580BBCA}
		{FF0A8289-923B-4941-AB2B-BA816E339910} = {AAF91661-610D-4DEB-B1E8-33D8F7E60D93}
		{59872DEE-1E31-4646-A65C-53D48B642B1F} = {B7671843-A620-4CFE-9B73-025406572523}
		{9ECA1281-DA63-4643-A192-DE7AAD192B3F} = {B7671843-A620-4CFE-9B73-025406572523}
		{1C80F12B-696C-4E0D-95DD-0C7D3E4CB2C9} = {D6A6349D-3155-44DB-9A2D-FD26A580BBCA}
		{D3216987-D157-4205-AF1C-FAE3EDB3C571} = {2CE22278-093D-4DA3-BA91-82D3846938D6}
		{325747A5-7DA2-4702-9477-219AC12E37B4} = {2CE22278-093D-4DA3-BA91-82D3846938D6}
		{927A610F-4848-4466-92BA-56A6F7367E0E} = {2CE22278-093D-4DA3-BA91-82D3846938D6}
		{A31ED86A-D9E8-4BD3-857A-703060B14F12} = {AAF91661-610D-4DEB-B1E8-33D8F7E60D93}
	EndGlobalSection
	GlobalSection(ProjectConfigurationPlatforms) = postSolution
		{1C80F12B-696C-4E0D-95DD-0C7D3E4CB2C9}.Debug|Any CPU.ActiveCfg = Debug|Any CPU
		{1C80F12B-696C-4E0D-95DD-0C7D3E4CB2C9}.Debug|Any CPU.Build.0 = Debug|Any CPU
		{1C80F12B-696C-4E0D-95DD-0C7D3E4CB2C9}.Release|Any CPU.ActiveCfg = Release|Any CPU
		{1C80F12B-696C-4E0D-95DD-0C7D3E4CB2C9}.Release|Any CPU.Build.0 = Release|Any CPU
		{325747A5-7DA2-4702-9477-219AC12E37B4}.Debug|Any CPU.ActiveCfg = Debug|Any CPU
		{325747A5-7DA2-4702-9477-219AC12E37B4}.Debug|Any CPU.Build.0 = Debug|Any CPU
		{325747A5-7DA2-4702-9477-219AC12E37B4}.Release|Any CPU.ActiveCfg = Release|Any CPU
		{325747A5-7DA2-4702-9477-219AC12E37B4}.Release|Any CPU.Build.0 = Release|Any CPU
		{D869AAAD-11F5-4C95-8B3A-7767D366CC0A}.Debug|Any CPU.ActiveCfg = Debug|Any CPU
		{D869AAAD-11F5-4C95-8B3A-7767D366CC0A}.Debug|Any CPU.Build.0 = Debug|Any CPU
		{D869AAAD-11F5-4C95-8B3A-7767D366CC0A}.Release|Any CPU.ActiveCfg = Release|Any CPU
		{D869AAAD-11F5-4C95-8B3A-7767D366CC0A}.Release|Any CPU.Build.0 = Release|Any CPU
		{C794452C-1AC4-4E25-8E1B-7F530B8447B6}.Debug|Any CPU.ActiveCfg = Debug|Any CPU
		{C794452C-1AC4-4E25-8E1B-7F530B8447B6}.Debug|Any CPU.Build.0 = Debug|Any CPU
		{C794452C-1AC4-4E25-8E1B-7F530B8447B6}.Release|Any CPU.ActiveCfg = Release|Any CPU
		{C794452C-1AC4-4E25-8E1B-7F530B8447B6}.Release|Any CPU.Build.0 = Release|Any CPU
		{927A610F-4848-4466-92BA-56A6F7367E0E}.Debug|Any CPU.ActiveCfg = Debug|Any CPU
		{927A610F-4848-4466-92BA-56A6F7367E0E}.Debug|Any CPU.Build.0 = Debug|Any CPU
		{927A610F-4848-4466-92BA-56A6F7367E0E}.Release|Any CPU.ActiveCfg = Release|Any CPU
		{927A610F-4848-4466-92BA-56A6F7367E0E}.Release|Any CPU.Build.0 = Release|Any CPU
		{FF0A8289-923B-4941-AB2B-BA816E339910}.Debug|Any CPU.ActiveCfg = Debug|Any CPU
		{FF0A8289-923B-4941-AB2B-BA816E339910}.Debug|Any CPU.Build.0 = Debug|Any CPU
		{FF0A8289-923B-4941-AB2B-BA816E339910}.Release|Any CPU.ActiveCfg = Release|Any CPU
		{FF0A8289-923B-4941-AB2B-BA816E339910}.Release|Any CPU.Build.0 = Release|Any CPU
		{59872DEE-1E31-4646-A65C-53D48B642B1F}.Debug|Any CPU.ActiveCfg = Debug|Any CPU
		{59872DEE-1E31-4646-A65C-53D48B642B1F}.Debug|Any CPU.Build.0 = Debug|Any CPU
		{59872DEE-1E31-4646-A65C-53D48B642B1F}.Release|Any CPU.ActiveCfg = Release|Any CPU
		{59872DEE-1E31-4646-A65C-53D48B642B1F}.Release|Any CPU.Build.0 = Release|Any CPU
		{D3216987-D157-4205-AF1C-FAE3EDB3C571}.Debug|Any CPU.ActiveCfg = Debug|Any CPU
		{D3216987-D157-4205-AF1C-FAE3EDB3C571}.Debug|Any CPU.Build.0 = Debug|Any CPU
		{D3216987-D157-4205-AF1C-FAE3EDB3C571}.Release|Any CPU.ActiveCfg = Release|Any CPU
		{D3216987-D157-4205-AF1C-FAE3EDB3C571}.Release|Any CPU.Build.0 = Release|Any CPU
		{9ECA1281-DA63-4643-A192-DE7AAD192B3F}.Debug|Any CPU.ActiveCfg = Debug|Any CPU
		{9ECA1281-DA63-4643-A192-DE7AAD192B3F}.Debug|Any CPU.Build.0 = Debug|Any CPU
		{9ECA1281-DA63-4643-A192-DE7AAD192B3F}.Release|Any CPU.ActiveCfg = Release|Any CPU
		{9ECA1281-DA63-4643-A192-DE7AAD192B3F}.Release|Any CPU.Build.0 = Release|Any CPU
		{A31ED86A-D9E8-4BD3-857A-703060B14F12}.Debug|Any CPU.ActiveCfg = Debug|Any CPU
		{A31ED86A-D9E8-4BD3-857A-703060B14F12}.Debug|Any CPU.Build.0 = Debug|Any CPU
		{A31ED86A-D9E8-4BD3-857A-703060B14F12}.Release|Any CPU.ActiveCfg = Release|Any CPU
		{A31ED86A-D9E8-4BD3-857A-703060B14F12}.Release|Any CPU.Build.0 = Release|Any CPU
	EndGlobalSection
EndGlobal
